
Microsoft Visual Studio Solution File, Format Version 12.00
# Visual Studio 15
VisualStudioVersion = 15.0.27004.2009
MinimumVisualStudioVersion = 10.0.40219.1
Project("{FAE04EC0-301F-11D3-BF4B-00C04F79EFBC}") = "ProgramLogic", "ProgramLogic\ProgramLogic.csproj", "{73627450-8050-462D-B9D6-BE2ABFBD9A01}"
EndProject
Project("{FAE04EC0-301F-11D3-BF4B-00C04F79EFBC}") = "HelloWorldAPI", "HelloWorldAPI\HelloWorldAPI.csproj", "{66B2D509-FA53-4B3E-8D14-D167BE412FE3}"
EndProject
Project("{FAE04EC0-301F-11D3-BF4B-00C04F79EFBC}") = "HelloWorldClient", "HelloWorldClient\HelloWorldClient.csproj", "{AEC6F0DC-3B82-4FE8-987C-E90B193DB8CF}"
EndProject
Project("{FAE04EC0-301F-11D3-BF4B-00C04F79EFBC}") = "HelloWorld.UnitTests", "HelloWorld.UnitTests\HelloWorld.UnitTests.csproj", "{96186F71-5739-4B0B-96AB-8A2A59B2F4A2}"
EndProject
Global
	GlobalSection(SolutionConfigurationPlatforms) = preSolution
		Debug|Any CPU = Debug|Any CPU
		Release|Any CPU = Release|Any CPU
	EndGlobalSection
	GlobalSection(ProjectConfigurationPlatforms) = postSolution
		{73627450-8050-462D-B9D6-BE2ABFBD9A01}.Debug|Any CPU.ActiveCfg = Debug|Any CPU
		{73627450-8050-462D-B9D6-BE2ABFBD9A01}.Debug|Any CPU.Build.0 = Debug|Any CPU
		{73627450-8050-462D-B9D6-BE2ABFBD9A01}.Release|Any CPU.ActiveCfg = Release|Any CPU
		{73627450-8050-462D-B9D6-BE2ABFBD9A01}.Release|Any CPU.Build.0 = Release|Any CPU
		{66B2D509-FA53-4B3E-8D14-D167BE412FE3}.Debug|Any CPU.ActiveCfg = Debug|Any CPU
		{66B2D509-FA53-4B3E-8D14-D167BE412FE3}.Debug|Any CPU.Build.0 = Debug|Any CPU
		{66B2D509-FA53-4B3E-8D14-D167BE412FE3}.Release|Any CPU.ActiveCfg = Release|Any CPU
		{66B2D509-FA53-4B3E-8D14-D167BE412FE3}.Release|Any CPU.Build.0 = Release|Any CPU
		{AEC6F0DC-3B82-4FE8-987C-E90B193DB8CF}.Debug|Any CPU.ActiveCfg = Debug|Any CPU
		{AEC6F0DC-3B82-4FE8-987C-E90B193DB8CF}.Debug|Any CPU.Build.0 = Debug|Any CPU
		{AEC6F0DC-3B82-4FE8-987C-E90B193DB8CF}.Release|Any CPU.ActiveCfg = Release|Any CPU
		{AEC6F0DC-3B82-4FE8-987C-E90B193DB8CF}.Release|Any CPU.Build.0 = Release|Any CPU
		{96186F71-5739-4B0B-96AB-8A2A59B2F4A2}.Debug|Any CPU.ActiveCfg = Debug|Any CPU
		{96186F71-5739-4B0B-96AB-8A2A59B2F4A2}.Debug|Any CPU.Build.0 = Debug|Any CPU
		{96186F71-5739-4B0B-96AB-8A2A59B2F4A2}.Release|Any CPU.ActiveCfg = Release|Any CPU
		{96186F71-5739-4B0B-96AB-8A2A59B2F4A2}.Release|Any CPU.Build.0 = Release|Any CPU
	EndGlobalSection
	GlobalSection(SolutionProperties) = preSolution
		HideSolutionNode = FALSE
	EndGlobalSection
	GlobalSection(ExtensibilityGlobals) = postSolution
		SolutionGuid = {8E646F47-7D46-48DD-9236-7CCBC140A8B4}
	EndGlobalSection
EndGlobal
